
Microsoft Visual Studio Solution File, Format Version 12.00
# Visual Studio Version 16
VisualStudioVersion = 16.6.30114.105
MinimumVisualStudioVersion = 10.0.40219.1
Project("{FAE04EC0-301F-11D3-BF4B-00C04F79EFBC}") = "ProEventos.Application", "ProEventos.Application\ProEventos.Application.csproj", "{55FEB93F-5B84-4FB9-97D1-2F19138EBA4E}"
EndProject
Project("{FAE04EC0-301F-11D3-BF4B-00C04F79EFBC}") = "ProEventos.Domain", "ProEventos.Domain\ProEventos.Domain.csproj", "{575CE7ED-78E3-4EE9-8450-DC9616AA7825}"
EndProject
Project("{FAE04EC0-301F-11D3-BF4B-00C04F79EFBC}") = "ProEventos.Persistence", "ProEventos.Persistence\ProEventos.Persistence.csproj", "{04AB59C5-C6CB-401C-B694-CEED929AD3F2}"
EndProject
Project("{FAE04EC0-301F-11D3-BF4B-00C04F79EFBC}") = "ProEventos.API", "ProEventos.API\ProEventos.API.csproj", "{62F53E73-DA0C-45F1-9B3C-73E25A083C50}"
EndProject
Global
	GlobalSection(SolutionConfigurationPlatforms) = preSolution
		Debug|Any CPU = Debug|Any CPU
		Debug|x64 = Debug|x64
		Debug|x86 = Debug|x86
		Release|Any CPU = Release|Any CPU
		Release|x64 = Release|x64
		Release|x86 = Release|x86
	EndGlobalSection
	GlobalSection(SolutionProperties) = preSolution
		HideSolutionNode = FALSE
	EndGlobalSection
	GlobalSection(ProjectConfigurationPlatforms) = postSolution
		{55FEB93F-5B84-4FB9-97D1-2F19138EBA4E}.Debug|Any CPU.ActiveCfg = Debug|Any CPU
		{55FEB93F-5B84-4FB9-97D1-2F19138EBA4E}.Debug|Any CPU.Build.0 = Debug|Any CPU
		{55FEB93F-5B84-4FB9-97D1-2F19138EBA4E}.Debug|x64.ActiveCfg = Debug|Any CPU
		{55FEB93F-5B84-4FB9-97D1-2F19138EBA4E}.Debug|x64.Build.0 = Debug|Any CPU
		{55FEB93F-5B84-4FB9-97D1-2F19138EBA4E}.Debug|x86.ActiveCfg = Debug|Any CPU
		{55FEB93F-5B84-4FB9-97D1-2F19138EBA4E}.Debug|x86.Build.0 = Debug|Any CPU
		{55FEB93F-5B84-4FB9-97D1-2F19138EBA4E}.Release|Any CPU.ActiveCfg = Release|Any CPU
		{55FEB93F-5B84-4FB9-97D1-2F19138EBA4E}.Release|Any CPU.Build.0 = Release|Any CPU
		{55FEB93F-5B84-4FB9-97D1-2F19138EBA4E}.Release|x64.ActiveCfg = Release|Any CPU
		{55FEB93F-5B84-4FB9-97D1-2F19138EBA4E}.Release|x64.Build.0 = Release|Any CPU
		{55FEB93F-5B84-4FB9-97D1-2F19138EBA4E}.Release|x86.ActiveCfg = Release|Any CPU
		{55FEB93F-5B84-4FB9-97D1-2F19138EBA4E}.Release|x86.Build.0 = Release|Any CPU
		{575CE7ED-78E3-4EE9-8450-DC9616AA7825}.Debug|Any CPU.ActiveCfg = Debug|Any CPU
		{575CE7ED-78E3-4EE9-8450-DC9616AA7825}.Debug|Any CPU.Build.0 = Debug|Any CPU
		{575CE7ED-78E3-4EE9-8450-DC9616AA7825}.Debug|x64.ActiveCfg = Debug|Any CPU
		{575CE7ED-78E3-4EE9-8450-DC9616AA7825}.Debug|x64.Build.0 = Debug|Any CPU
		{575CE7ED-78E3-4EE9-8450-DC9616AA7825}.Debug|x86.ActiveCfg = Debug|Any CPU
		{575CE7ED-78E3-4EE9-8450-DC9616AA7825}.Debug|x86.Build.0 = Debug|Any CPU
		{575CE7ED-78E3-4EE9-8450-DC9616AA7825}.Release|Any CPU.ActiveCfg = Release|Any CPU
		{575CE7ED-78E3-4EE9-8450-DC9616AA7825}.Release|Any CPU.Build.0 = Release|Any CPU
		{575CE7ED-78E3-4EE9-8450-DC9616AA7825}.Release|x64.ActiveCfg = Release|Any CPU
		{575CE7ED-78E3-4EE9-8450-DC9616AA7825}.Release|x64.Build.0 = Release|Any CPU
		{575CE7ED-78E3-4EE9-8450-DC9616AA7825}.Release|x86.ActiveCfg = Release|Any CPU
		{575CE7ED-78E3-4EE9-8450-DC9616AA7825}.Release|x86.Build.0 = Release|Any CPU
		{04AB59C5-C6CB-401C-B694-CEED929AD3F2}.Debug|Any CPU.ActiveCfg = Debug|Any CPU
		{04AB59C5-C6CB-401C-B694-CEED929AD3F2}.Debug|Any CPU.Build.0 = Debug|Any CPU
		{04AB59C5-C6CB-401C-B694-CEED929AD3F2}.Debug|x64.ActiveCfg = Debug|Any CPU
		{04AB59C5-C6CB-401C-B694-CEED929AD3F2}.Debug|x64.Build.0 = Debug|Any CPU
		{04AB59C5-C6CB-401C-B694-CEED929AD3F2}.Debug|x86.ActiveCfg = Debug|Any CPU
		{04AB59C5-C6CB-401C-B694-CEED929AD3F2}.Debug|x86.Build.0 = Debug|Any CPU
		{04AB59C5-C6CB-401C-B694-CEED929AD3F2}.Release|Any CPU.ActiveCfg = Release|Any CPU
		{04AB59C5-C6CB-401C-B694-CEED929AD3F2}.Release|Any CPU.Build.0 = Release|Any CPU
		{04AB59C5-C6CB-401C-B694-CEED929AD3F2}.Release|x64.ActiveCfg = Release|Any CPU
		{04AB59C5-C6CB-401C-B694-CEED929AD3F2}.Release|x64.Build.0 = Release|Any CPU
		{04AB59C5-C6CB-401C-B694-CEED929AD3F2}.Release|x86.ActiveCfg = Release|Any CPU
		{04AB59C5-C6CB-401C-B694-CEED929AD3F2}.Release|x86.Build.0 = Release|Any CPU
		{62F53E73-DA0C-45F1-9B3C-73E25A083C50}.Debug|Any CPU.ActiveCfg = Debug|Any CPU
		{62F53E73-DA0C-45F1-9B3C-73E25A083C50}.Debug|Any CPU.Build.0 = Debug|Any CPU
		{62F53E73-DA0C-45F1-9B3C-73E25A083C50}.Debug|x64.ActiveCfg = Debug|Any CPU
		{62F53E73-DA0C-45F1-9B3C-73E25A083C50}.Debug|x64.Build.0 = Debug|Any CPU
		{62F53E73-DA0C-45F1-9B3C-73E25A083C50}.Debug|x86.ActiveCfg = Debug|Any CPU
		{62F53E73-DA0C-45F1-9B3C-73E25A083C50}.Debug|x86.Build.0 = Debug|Any CPU
		{62F53E73-DA0C-45F1-9B3C-73E25A083C50}.Release|Any CPU.ActiveCfg = Release|Any CPU
		{62F53E73-DA0C-45F1-9B3C-73E25A083C50}.Release|Any CPU.Build.0 = Release|Any CPU
		{62F53E73-DA0C-45F1-9B3C-73E25A083C50}.Release|x64.ActiveCfg = Release|Any CPU
		{62F53E73-DA0C-45F1-9B3C-73E25A083C50}.Release|x64.Build.0 = Release|Any CPU
		{62F53E73-DA0C-45F1-9B3C-73E25A083C50}.Release|x86.ActiveCfg = Release|Any CPU
		{62F53E73-DA0C-45F1-9B3C-73E25A083C50}.Release|x86.Build.0 = Release|Any CPU
	EndGlobalSection
EndGlobal
